<?xml version="1.0" encoding="utf-8"?>
<Project ToolsVersion="4.0" xmlns="http://schemas.microsoft.com/developer/msbuild/2003">
  <ItemGroup>
    <Filter Include="Quelldateien">
      <UniqueIdentifier>{4FC737F1-C7A5-4376-A066-2A32D752A2FF}</UniqueIdentifier>
      <Extensions>cpp;c;cc;cxx;def;odl;idl;hpj;bat;asm;asmx</Extensions>
    </Filter>
    <Filter Include="Headerdateien">
      <UniqueIdentifier>{93995380-89BD-4b04-88EB-625FBE52EBFB}</UniqueIdentifier>
      <Extensions>h;hh;hpp;hxx;hm;inl;inc;ipp;xsd</Extensions>
    </Filter>
    <Filter Include="Ressourcendateien">
      <UniqueIdentifier>{67DA6AB6-F800-4c08-8B7A-83BB121AAD01}</UniqueIdentifier>
      <Extensions>rc;ico;cur;bmp;dlg;rc2;rct;bin;rgs;gif;jpg;jpeg;jpe;resx;tiff;tif;png;wav;mfcribbon-ms</Extensions>
    </Filter>
  </ItemGroup>
  <ItemGroup>
    <ClCompile Include="main.cpp">
      <Filter>Quelldateien</Filter>
    </ClCompile>
    <ClCompile Include="DualLP.cpp">
      <Filter>Quelldateien</Filter>
    </ClCompile>
    <ClCompile Include="SubgradientLP.cpp">
      <Filter>Quelldateien</Filter>
    </ClCompile>
    <ClCompile Include="LinearProgram.cpp">
      <Filter>Quelldateien</Filter>
    </ClCompile>
    <ClCompile Include="Algorithm.cpp">
      <Filter>Quelldateien</Filter>
    </ClCompile>
    <ClCompile Include="Result.cpp">
      <Filter>Quelldateien</Filter>
    </ClCompile>
    <ClCompile Include="CSVReader.cpp">
      <Filter>Quelldateien</Filter>
    </ClCompile>
    <ClCompile Include="Auction.cpp">
      <Filter>Quelldateien</Filter>
    </ClCompile>
    <ClCompile Include="RandomSignature.cpp">
      <Filter>Quelldateien</Filter>
    </ClCompile>
    <ClCompile Include="CSVWriter.cpp">
      <Filter>Quelldateien</Filter>
    </ClCompile>
    <ClCompile Include="BidsAnalyzer.cpp">
      <Filter>Quelldateien</Filter>
    </ClCompile>
    <ClCompile Include="DemandVectorIterator.cpp">
      <Filter>Quelldateien</Filter>
    </ClCompile>
    <ClCompile Include="TrajectoryVisualiser.cpp">
      <Filter>Quelldateien</Filter>
    </ClCompile>
    <ClCompile Include="FlowPrimalLP.cpp">
      <Filter>Quelldateien</Filter>
    </ClCompile>
    <ClCompile Include="FlowDualLP.cpp">
      <Filter>Quelldateien</Filter>
    </ClCompile>
    <ClCompile Include="FlowSupplyLP.cpp">
      <Filter>Quelldateien</Filter>
    </ClCompile>
    <ClCompile Include="SupplyFastSolver.cpp">
      <Filter>Quelldateien</Filter>
    </ClCompile>
    <ClCompile Include="Difference_Plotter.cpp">
      <Filter>Quelldateien</Filter>
    </ClCompile>
    <ClCompile Include="SteepestDescent.cpp">
      <Filter>Quelldateien</Filter>
    </ClCompile>
    <ClCompile Include="SC2Flow.cpp">
      <Filter>Quelldateien</Filter>
    </ClCompile>
    <ClCompile Include="mcmf.cpp">
      <Filter>Quelldateien</Filter>
    </ClCompile>
  </ItemGroup>
  <ItemGroup>
    <ClInclude Include="DualLP.h">
      <Filter>Headerdateien</Filter>
    </ClInclude>
    <ClInclude Include="SubgradientLP.h">
      <Filter>Headerdateien</Filter>
    </ClInclude>
    <ClInclude Include="LinearProgram.h">
      <Filter>Headerdateien</Filter>
    </ClInclude>
    <ClInclude Include="Algorithm.h">
      <Filter>Headerdateien</Filter>
    </ClInclude>
    <ClInclude Include="Result.h">
      <Filter>Headerdateien</Filter>
    </ClInclude>
    <ClInclude Include="CSVReader.h">
      <Filter>Headerdateien</Filter>
    </ClInclude>
    <ClInclude Include="Auction.h">
      <Filter>Headerdateien</Filter>
    </ClInclude>
    <ClInclude Include="SignatureIterator.h">
      <Filter>Headerdateien</Filter>
    </ClInclude>
    <ClInclude Include="RandomSignature.h">
      <Filter>Headerdateien</Filter>
    </ClInclude>
    <ClInclude Include="CSVWriter.h">
      <Filter>Headerdateien</Filter>
    </ClInclude>
    <ClInclude Include="SubsetIterator.h">
      <Filter>Headerdateien</Filter>
    </ClInclude>
    <ClInclude Include="BidsAnalyzer.h">
      <Filter>Headerdateien</Filter>
    </ClInclude>
    <ClInclude Include="DemandVectorIterator.h">
      <Filter>Headerdateien</Filter>
    </ClInclude>
    <ClInclude Include="AlgorithmEventHandler.h">
      <Filter>Headerdateien</Filter>
    </ClInclude>
    <ClInclude Include="ConsoleLogger.h">
      <Filter>Headerdateien</Filter>
    </ClInclude>
    <ClInclude Include="TrajectoryLogger.h">
      <Filter>Headerdateien</Filter>
    </ClInclude>
    <ClInclude Include="TrajectoryVisualiser.h">
      <Filter>Headerdateien</Filter>
    </ClInclude>
    <ClInclude Include="OperationCounter.h">
      <Filter>Headerdateien</Filter>
    </ClInclude>
    <ClInclude Include="ListWriter.h">
      <Filter>Headerdateien</Filter>
    </ClInclude>
    <ClInclude Include="RandomEngine.h">
      <Filter>Headerdateien</Filter>
    </ClInclude>
    <ClInclude Include="LemonDefs.h">
      <Filter>Headerdateien</Filter>
    </ClInclude>
    <ClInclude Include="FlowPrimalLP.h">
      <Filter>Headerdateien</Filter>
    </ClInclude>
    <ClInclude Include="FlowDualLP.h">
      <Filter>Headerdateien</Filter>
    </ClInclude>
    <ClInclude Include="FlowSupplyLP.h">
      <Filter>Headerdateien</Filter>
    </ClInclude>
    <ClInclude Include="SupplyFastSolver.h">
      <Filter>Headerdateien</Filter>
    </ClInclude>
    <ClInclude Include="SQLiteReader.h">
      <Filter>Headerdateien</Filter>
    </ClInclude>
    <ClInclude Include="SQLiteWriter.h">
      <Filter>Headerdateien</Filter>
    </ClInclude>
    <ClInclude Include="AuctionMeta.h">
      <Filter>Headerdateien</Filter>
    </ClInclude>
    <ClInclude Include="Difference_Plotter.h">
      <Filter>Headerdateien</Filter>
    </ClInclude>
    <ClInclude Include="SteepestDescent.h">
      <Filter>Headerdateien</Filter>
    </ClInclude>
    <ClInclude Include="Verifier.h">
      <Filter>Headerdateien</Filter>
    </ClInclude>
    <ClInclude Include="SC2Flow.h">
      <Filter>Headerdateien</Filter>
    </ClInclude>
    <ClInclude Include="mcmf.h">
      <Filter>Headerdateien</Filter>
    </ClInclude>
  </ItemGroup>
</Project>